
Microsoft Visual Studio Solution File, Format Version 12.00
# Visual Studio Version 16
VisualStudioVersion = 16.0.30611.23
MinimumVisualStudioVersion = 10.0.40219.1
Project("{FAE04EC0-301F-11D3-BF4B-00C04F79EFBC}") = "Team7_LibraryApp", "Team7_LibraryApp\Team7_LibraryApp.csproj", "{82392F95-4767-49C9-894F-A1F3E7F2162E}"
EndProject
Project("{FAE04EC0-301F-11D3-BF4B-00C04F79EFBC}") = "DataAccess", "DataAccess\DataAccess.csproj", "{A5AC459D-6C0A-4D6E-AD65-ECB3E0FEC3A7}"
EndProject
Project("{2150E333-8FDC-42A3-9474-1A3956D46DE8}") = "SolutionScripts", "SolutionScripts", "{7A7231BD-ADF2-4402-9382-D943F6A40A06}"
EndProject
Project("{2150E333-8FDC-42A3-9474-1A3956D46DE8}") = "ResetSQL", "ResetSQL", "{BB5E3AEB-DEAC-4EA1-BB57-707B806A271F}"
	ProjectSection(SolutionItems) = preProject
		Load3DaysLeftProcedure.sql = Load3DaysLeftProcedure.sql
		RebuildLibraryDatabase.sql = RebuildLibraryDatabase.sql
	EndProjectSection
EndProject
Project("{2150E333-8FDC-42A3-9474-1A3956D46DE8}") = "ReportQuery", "ReportQuery", "{14C14AC0-BC91-494A-825F-B6E13052041C}"
	ProjectSection(SolutionItems) = preProject
		GetOverdueCheckouts.sql = GetOverdueCheckouts.sql
		RankBooksProcedure.sql = RankBooksProcedure.sql
		RankLibraries.sql = RankLibraries.sql
	EndProjectSection
EndProject
Project("{2150E333-8FDC-42A3-9474-1A3956D46DE8}") = "ModifyDataQuery", "ModifyDataQuery", "{9F9DF0D0-1F47-44CD-B9FD-FF164D554760}"
	ProjectSection(SolutionItems) = preProject
		AddBook.sql = AddBook.sql
	EndProjectSection
EndProject
Global
	GlobalSection(SolutionConfigurationPlatforms) = preSolution
		Debug|Any CPU = Debug|Any CPU
		Release|Any CPU = Release|Any CPU
	EndGlobalSection
	GlobalSection(ProjectConfigurationPlatforms) = postSolution
		{82392F95-4767-49C9-894F-A1F3E7F2162E}.Debug|Any CPU.ActiveCfg = Debug|Any CPU
		{82392F95-4767-49C9-894F-A1F3E7F2162E}.Debug|Any CPU.Build.0 = Debug|Any CPU
		{82392F95-4767-49C9-894F-A1F3E7F2162E}.Release|Any CPU.ActiveCfg = Release|Any CPU
		{82392F95-4767-49C9-894F-A1F3E7F2162E}.Release|Any CPU.Build.0 = Release|Any CPU
		{A5AC459D-6C0A-4D6E-AD65-ECB3E0FEC3A7}.Debug|Any CPU.ActiveCfg = Debug|Any CPU
		{A5AC459D-6C0A-4D6E-AD65-ECB3E0FEC3A7}.Debug|Any CPU.Build.0 = Debug|Any CPU
		{A5AC459D-6C0A-4D6E-AD65-ECB3E0FEC3A7}.Release|Any CPU.ActiveCfg = Release|Any CPU
		{A5AC459D-6C0A-4D6E-AD65-ECB3E0FEC3A7}.Release|Any CPU.Build.0 = Release|Any CPU
	EndGlobalSection
	GlobalSection(SolutionProperties) = preSolution
		HideSolutionNode = FALSE
	EndGlobalSection
	GlobalSection(NestedProjects) = preSolution
		{BB5E3AEB-DEAC-4EA1-BB57-707B806A271F} = {7A7231BD-ADF2-4402-9382-D943F6A40A06}
		{14C14AC0-BC91-494A-825F-B6E13052041C} = {7A7231BD-ADF2-4402-9382-D943F6A40A06}
		{9F9DF0D0-1F47-44CD-B9FD-FF164D554760} = {7A7231BD-ADF2-4402-9382-D943F6A40A06}
	EndGlobalSection
	GlobalSection(ExtensibilityGlobals) = postSolution
		SolutionGuid = {30E9B496-9727-4230-ABD6-397C848E4A46}
	EndGlobalSection
EndGlobal
